
Microsoft Visual Studio Solution File, Format Version 12.00
# Visual Studio Version 17
VisualStudioVersion = 17.13.35931.197 d17.13
MinimumVisualStudioVersion = 10.0.40219.1
Project("{FAE04EC0-301F-11D3-BF4B-00C04F79EFBC}") = "Aula05", "Aula05.csproj", "{CBFB1E42-BBDC-49D2-A37B-AEF8431443B0}"
EndProject
Global
	GlobalSection(SolutionConfigurationPlatforms) = preSolution
		Debug|Any CPU = Debug|Any CPU
		Release|Any CPU = Release|Any CPU
	EndGlobalSection
	GlobalSection(ProjectConfigurationPlatforms) = postSolution
		{CBFB1E42-BBDC-49D2-A37B-AEF8431443B0}.Debug|Any CPU.ActiveCfg = Debug|Any CPU
		{CBFB1E42-BBDC-49D2-A37B-AEF8431443B0}.Debug|Any CPU.Build.0 = Debug|Any CPU
		{CBFB1E42-BBDC-49D2-A37B-AEF8431443B0}.Release|Any CPU.ActiveCfg = Release|Any CPU
		{CBFB1E42-BBDC-49D2-A37B-AEF8431443B0}.Release|Any CPU.Build.0 = Release|Any CPU
	EndGlobalSection
	GlobalSection(SolutionProperties) = preSolution
		HideSolutionNode = FALSE
	EndGlobalSection
	GlobalSection(ExtensibilityGlobals) = postSolution
		SolutionGuid = {DA733623-FAE9-494B-B940-BAC0C911C7D5}
	EndGlobalSection
EndGlobal
